
Microsoft Visual Studio Solution File, Format Version 12.00
# Visual Studio 15
VisualStudioVersion = 15.0.27130.2010
MinimumVisualStudioVersion = 10.0.40219.1
Project("{FAE04EC0-301F-11D3-BF4B-00C04F79EFBC}") = "Epam.Task4.1", "Epam.Task4.1\Epam.Task4.1.csproj", "{43E1363F-CBA2-49F8-A7AB-16FFE3E6B09B}"
EndProject
Global
	GlobalSection(SolutionConfigurationPlatforms) = preSolution
		Debug|Any CPU = Debug|Any CPU
		Release|Any CPU = Release|Any CPU
	EndGlobalSection
	GlobalSection(ProjectConfigurationPlatforms) = postSolution
		{43E1363F-CBA2-49F8-A7AB-16FFE3E6B09B}.Debug|Any CPU.ActiveCfg = Debug|Any CPU
		{43E1363F-CBA2-49F8-A7AB-16FFE3E6B09B}.Debug|Any CPU.Build.0 = Debug|Any CPU
		{43E1363F-CBA2-49F8-A7AB-16FFE3E6B09B}.Release|Any CPU.ActiveCfg = Release|Any CPU
		{43E1363F-CBA2-49F8-A7AB-16FFE3E6B09B}.Release|Any CPU.Build.0 = Release|Any CPU
	EndGlobalSection
	GlobalSection(SolutionProperties) = preSolution
		HideSolutionNode = FALSE
	EndGlobalSection
	GlobalSection(ExtensibilityGlobals) = postSolution
		SolutionGuid = {419A0ACF-54C4-4C77-8692-23C6C95D7566}
	EndGlobalSection
EndGlobal
