
Microsoft Visual Studio Solution File, Format Version 12.00
# Visual Studio 15
VisualStudioVersion = 15.0.27130.2010
MinimumVisualStudioVersion = 10.0.40219.1
Project("{FAE04EC0-301F-11D3-BF4B-00C04F79EFBC}") = "Epam.Task4.6", "Epam.Task4.6\Epam.Task4.6.csproj", "{D9F7BC62-09D7-4D95-BB42-532636D58737}"
EndProject
Global
	GlobalSection(SolutionConfigurationPlatforms) = preSolution
		Debug|Any CPU = Debug|Any CPU
		Release|Any CPU = Release|Any CPU
	EndGlobalSection
	GlobalSection(ProjectConfigurationPlatforms) = postSolution
		{D9F7BC62-09D7-4D95-BB42-532636D58737}.Debug|Any CPU.ActiveCfg = Debug|Any CPU
		{D9F7BC62-09D7-4D95-BB42-532636D58737}.Debug|Any CPU.Build.0 = Debug|Any CPU
		{D9F7BC62-09D7-4D95-BB42-532636D58737}.Release|Any CPU.ActiveCfg = Release|Any CPU
		{D9F7BC62-09D7-4D95-BB42-532636D58737}.Release|Any CPU.Build.0 = Release|Any CPU
	EndGlobalSection
	GlobalSection(SolutionProperties) = preSolution
		HideSolutionNode = FALSE
	EndGlobalSection
	GlobalSection(ExtensibilityGlobals) = postSolution
		SolutionGuid = {0A37B124-2C75-4CAA-B326-BF8971367946}
	EndGlobalSection
EndGlobal
