
Microsoft Visual Studio Solution File, Format Version 12.00
# Visual Studio 15
VisualStudioVersion = 15.0.28010.2003
MinimumVisualStudioVersion = 10.0.40219.1
Project("{FAE04EC0-301F-11D3-BF4B-00C04F79EFBC}") = "Epam.Task3.1", "Epam.Task3.1\Epam.Task3.1.csproj", "{77DCD8DA-8E85-45B9-98AA-C8AEC9E909B2}"
EndProject
Global
	GlobalSection(SolutionConfigurationPlatforms) = preSolution
		Debug|Any CPU = Debug|Any CPU
		Release|Any CPU = Release|Any CPU
	EndGlobalSection
	GlobalSection(ProjectConfigurationPlatforms) = postSolution
		{77DCD8DA-8E85-45B9-98AA-C8AEC9E909B2}.Debug|Any CPU.ActiveCfg = Debug|Any CPU
		{77DCD8DA-8E85-45B9-98AA-C8AEC9E909B2}.Debug|Any CPU.Build.0 = Debug|Any CPU
		{77DCD8DA-8E85-45B9-98AA-C8AEC9E909B2}.Release|Any CPU.ActiveCfg = Release|Any CPU
		{77DCD8DA-8E85-45B9-98AA-C8AEC9E909B2}.Release|Any CPU.Build.0 = Release|Any CPU
	EndGlobalSection
	GlobalSection(SolutionProperties) = preSolution
		HideSolutionNode = FALSE
	EndGlobalSection
	GlobalSection(ExtensibilityGlobals) = postSolution
		SolutionGuid = {FAF0A38D-2B9E-4920-8D00-DD361E861AC5}
	EndGlobalSection
EndGlobal
