
Microsoft Visual Studio Solution File, Format Version 12.00
# Visual Studio 15
VisualStudioVersion = 15.0.27130.2010
MinimumVisualStudioVersion = 10.0.40219.1
Project("{FAE04EC0-301F-11D3-BF4B-00C04F79EFBC}") = "Epam.Task4.5", "Epam.Task4.5\Epam.Task4.5.csproj", "{45182FEC-8766-49A4-A15E-5BAD65772A3A}"
EndProject
Global
	GlobalSection(SolutionConfigurationPlatforms) = preSolution
		Debug|Any CPU = Debug|Any CPU
		Release|Any CPU = Release|Any CPU
	EndGlobalSection
	GlobalSection(ProjectConfigurationPlatforms) = postSolution
		{45182FEC-8766-49A4-A15E-5BAD65772A3A}.Debug|Any CPU.ActiveCfg = Debug|Any CPU
		{45182FEC-8766-49A4-A15E-5BAD65772A3A}.Debug|Any CPU.Build.0 = Debug|Any CPU
		{45182FEC-8766-49A4-A15E-5BAD65772A3A}.Release|Any CPU.ActiveCfg = Release|Any CPU
		{45182FEC-8766-49A4-A15E-5BAD65772A3A}.Release|Any CPU.Build.0 = Release|Any CPU
	EndGlobalSection
	GlobalSection(SolutionProperties) = preSolution
		HideSolutionNode = FALSE
	EndGlobalSection
	GlobalSection(ExtensibilityGlobals) = postSolution
		SolutionGuid = {4C3B9677-BF3E-49B7-B45A-F8412873799F}
	EndGlobalSection
EndGlobal
