
Microsoft Visual Studio Solution File, Format Version 12.00
# Visual Studio 15
VisualStudioVersion = 15.0.28010.2003
MinimumVisualStudioVersion = 10.0.40219.1
Project("{FAE04EC0-301F-11D3-BF4B-00C04F79EFBC}") = "Epam.Task1.12", "Epam.Task1.12\Epam.Task1.12.csproj", "{D154293A-13A7-4EA8-B791-E6A009E6834D}"
EndProject
Global
	GlobalSection(SolutionConfigurationPlatforms) = preSolution
		Debug|Any CPU = Debug|Any CPU
		Release|Any CPU = Release|Any CPU
	EndGlobalSection
	GlobalSection(ProjectConfigurationPlatforms) = postSolution
		{D154293A-13A7-4EA8-B791-E6A009E6834D}.Debug|Any CPU.ActiveCfg = Debug|Any CPU
		{D154293A-13A7-4EA8-B791-E6A009E6834D}.Debug|Any CPU.Build.0 = Debug|Any CPU
		{D154293A-13A7-4EA8-B791-E6A009E6834D}.Release|Any CPU.ActiveCfg = Release|Any CPU
		{D154293A-13A7-4EA8-B791-E6A009E6834D}.Release|Any CPU.Build.0 = Release|Any CPU
	EndGlobalSection
	GlobalSection(SolutionProperties) = preSolution
		HideSolutionNode = FALSE
	EndGlobalSection
	GlobalSection(ExtensibilityGlobals) = postSolution
		SolutionGuid = {D479FD6E-16C8-46B4-92DF-B0ACD62CD21F}
	EndGlobalSection
EndGlobal
