
Microsoft Visual Studio Solution File, Format Version 12.00
# Visual Studio 15
VisualStudioVersion = 15.0.28010.2003
MinimumVisualStudioVersion = 10.0.40219.1
Project("{FAE04EC0-301F-11D3-BF4B-00C04F79EFBC}") = "Epam.Task1.5", "Epam.Task1.5\Epam.Task1.5.csproj", "{BF128F5D-DD12-4447-ACD2-E0165D8366EC}"
EndProject
Global
	GlobalSection(SolutionConfigurationPlatforms) = preSolution
		Debug|Any CPU = Debug|Any CPU
		Release|Any CPU = Release|Any CPU
	EndGlobalSection
	GlobalSection(ProjectConfigurationPlatforms) = postSolution
		{BF128F5D-DD12-4447-ACD2-E0165D8366EC}.Debug|Any CPU.ActiveCfg = Debug|Any CPU
		{BF128F5D-DD12-4447-ACD2-E0165D8366EC}.Debug|Any CPU.Build.0 = Debug|Any CPU
		{BF128F5D-DD12-4447-ACD2-E0165D8366EC}.Release|Any CPU.ActiveCfg = Release|Any CPU
		{BF128F5D-DD12-4447-ACD2-E0165D8366EC}.Release|Any CPU.Build.0 = Release|Any CPU
	EndGlobalSection
	GlobalSection(SolutionProperties) = preSolution
		HideSolutionNode = FALSE
	EndGlobalSection
	GlobalSection(ExtensibilityGlobals) = postSolution
		SolutionGuid = {346F8FDF-B87E-424F-BC64-5DB773C52E07}
	EndGlobalSection
EndGlobal
