
Microsoft Visual Studio Solution File, Format Version 12.00
# Visual Studio 15
VisualStudioVersion = 15.0.28010.2003
MinimumVisualStudioVersion = 10.0.40219.1
Project("{FAE04EC0-301F-11D3-BF4B-00C04F79EFBC}") = "Epam.Task2.7", "Epam.Task2.7\Epam.Task2.7.csproj", "{ABCB41E3-0693-4C70-9E7D-2271D0D3773F}"
EndProject
Global
	GlobalSection(SolutionConfigurationPlatforms) = preSolution
		Debug|Any CPU = Debug|Any CPU
		Release|Any CPU = Release|Any CPU
	EndGlobalSection
	GlobalSection(ProjectConfigurationPlatforms) = postSolution
		{ABCB41E3-0693-4C70-9E7D-2271D0D3773F}.Debug|Any CPU.ActiveCfg = Debug|Any CPU
		{ABCB41E3-0693-4C70-9E7D-2271D0D3773F}.Debug|Any CPU.Build.0 = Debug|Any CPU
		{ABCB41E3-0693-4C70-9E7D-2271D0D3773F}.Release|Any CPU.ActiveCfg = Release|Any CPU
		{ABCB41E3-0693-4C70-9E7D-2271D0D3773F}.Release|Any CPU.Build.0 = Release|Any CPU
	EndGlobalSection
	GlobalSection(SolutionProperties) = preSolution
		HideSolutionNode = FALSE
	EndGlobalSection
	GlobalSection(ExtensibilityGlobals) = postSolution
		SolutionGuid = {273473BD-D479-46A7-85F6-12C544B1A548}
	EndGlobalSection
EndGlobal
