
Microsoft Visual Studio Solution File, Format Version 12.00
# Visual Studio 15
VisualStudioVersion = 15.0.27130.2010
MinimumVisualStudioVersion = 10.0.40219.1
Project("{FAE04EC0-301F-11D3-BF4B-00C04F79EFBC}") = "Epam.Task00.Square", "Epam.Task00.Square\Epam.Task00.Square.csproj", "{2681A3F0-0383-4DDA-8269-DB122824D24C}"
EndProject
Global
	GlobalSection(SolutionConfigurationPlatforms) = preSolution
		Debug|Any CPU = Debug|Any CPU
		Release|Any CPU = Release|Any CPU
	EndGlobalSection
	GlobalSection(ProjectConfigurationPlatforms) = postSolution
		{2681A3F0-0383-4DDA-8269-DB122824D24C}.Debug|Any CPU.ActiveCfg = Debug|Any CPU
		{2681A3F0-0383-4DDA-8269-DB122824D24C}.Debug|Any CPU.Build.0 = Debug|Any CPU
		{2681A3F0-0383-4DDA-8269-DB122824D24C}.Release|Any CPU.ActiveCfg = Release|Any CPU
		{2681A3F0-0383-4DDA-8269-DB122824D24C}.Release|Any CPU.Build.0 = Release|Any CPU
	EndGlobalSection
	GlobalSection(SolutionProperties) = preSolution
		HideSolutionNode = FALSE
	EndGlobalSection
	GlobalSection(ExtensibilityGlobals) = postSolution
		SolutionGuid = {E8DEF022-C9F3-41F2-8B62-B49CBA5FAA2D}
	EndGlobalSection
EndGlobal
